
Microsoft Visual Studio Solution File, Format Version 12.00
# Visual Studio Version 17
VisualStudioVersion = 17.14.36603.0 d17.14
MinimumVisualStudioVersion = 10.0.40219.1
Project("{FAE04EC0-301F-11D3-BF4B-00C04F79EFBC}") = "CalisthenicsSkillTracker", "CalisthenicsSkillTracker\CalisthenicsSkillTracker.csproj", "{7BD7CCEC-BB0C-4EFC-80E4-E642EF5BAFAF}"
EndProject
Global
	GlobalSection(SolutionConfigurationPlatforms) = preSolution
		Debug|Any CPU = Debug|Any CPU
		Release|Any CPU = Release|Any CPU
	EndGlobalSection
	GlobalSection(ProjectConfigurationPlatforms) = postSolution
		{7BD7CCEC-BB0C-4EFC-80E4-E642EF5BAFAF}.Debug|Any CPU.ActiveCfg = Debug|Any CPU
		{7BD7CCEC-BB0C-4EFC-80E4-E642EF5BAFAF}.Debug|Any CPU.Build.0 = Debug|Any CPU
		{7BD7CCEC-BB0C-4EFC-80E4-E642EF5BAFAF}.Release|Any CPU.ActiveCfg = Release|Any CPU
		{7BD7CCEC-BB0C-4EFC-80E4-E642EF5BAFAF}.Release|Any CPU.Build.0 = Release|Any CPU
	EndGlobalSection
	GlobalSection(SolutionProperties) = preSolution
		HideSolutionNode = FALSE
	EndGlobalSection
	GlobalSection(ExtensibilityGlobals) = postSolution
		SolutionGuid = {682AF79F-6796-49C3-9ACA-201DA7BACBE6}
	EndGlobalSection
EndGlobal
